// !$*UTF8*$!
{
	archiveVersion = 1;
	classes = {
	};
	objectVersion = 55;
	objects = {

/* Begin PBXBuildFile section */
		822953C029EABCFD00903562 /* DateServiceProtocol.swift in Sources */ = {isa = PBXBuildFile; fileRef = 822953BF29EABCFD00903562 /* DateServiceProtocol.swift */; };
		82489E0629E9DEE80047D1D5 /* DateModuleBuilder.swift in Sources */ = {isa = PBXBuildFile; fileRef = 82489E0129E9DEE80047D1D5 /* DateModuleBuilder.swift */; };
		82489E0729E9DEE80047D1D5 /* DatePresenter.swift in Sources */ = {isa = PBXBuildFile; fileRef = 82489E0229E9DEE80047D1D5 /* DatePresenter.swift */; };
		82489E0829E9DEE80047D1D5 /* DateRouter.swift in Sources */ = {isa = PBXBuildFile; fileRef = 82489E0329E9DEE80047D1D5 /* DateRouter.swift */; };
		82489E0A29E9DEE80047D1D5 /* DateInteractor.swift in Sources */ = {isa = PBXBuildFile; fileRef = 82489E0529E9DEE80047D1D5 /* DateInteractor.swift */; };
		82489E1229E9DF500047D1D5 /* RateModuleBuilder.swift in Sources */ = {isa = PBXBuildFile; fileRef = 82489E0D29E9DF500047D1D5 /* RateModuleBuilder.swift */; };
		82489E1329E9DF500047D1D5 /* RatePresenter.swift in Sources */ = {isa = PBXBuildFile; fileRef = 82489E0E29E9DF500047D1D5 /* RatePresenter.swift */; };
		82489E1429E9DF500047D1D5 /* RateRouter.swift in Sources */ = {isa = PBXBuildFile; fileRef = 82489E0F29E9DF500047D1D5 /* RateRouter.swift */; };
		82489E1529E9DF500047D1D5 /* RateViewController.swift in Sources */ = {isa = PBXBuildFile; fileRef = 82489E1029E9DF500047D1D5 /* RateViewController.swift */; };
		82489E1629E9DF500047D1D5 /* RateInteractor.swift in Sources */ = {isa = PBXBuildFile; fileRef = 82489E1129E9DF500047D1D5 /* RateInteractor.swift */; };
		82489E1929E9DFB80047D1D5 /* DateService.swift in Sources */ = {isa = PBXBuildFile; fileRef = 82489E1829E9DFB80047D1D5 /* DateService.swift */; };
		82489E1B29E9E0720047D1D5 /* RateService.swift in Sources */ = {isa = PBXBuildFile; fileRef = 82489E1A29E9E0720047D1D5 /* RateService.swift */; };
		827B4F6829F9B05900E36BF5 /* MoneyModel.swift in Sources */ = {isa = PBXBuildFile; fileRef = 827B4F6729F9B05900E36BF5 /* MoneyModel.swift */; };
		827B4F6A29F9B0FE00E36BF5 /* RateConfig.swift in Sources */ = {isa = PBXBuildFile; fileRef = 827B4F6929F9B0FE00E36BF5 /* RateConfig.swift */; };
		827B4F6D29F9B43700E36BF5 /* NetworkingError.swift in Sources */ = {isa = PBXBuildFile; fileRef = 827B4F6C29F9B43700E36BF5 /* NetworkingError.swift */; };
		827CF9FB29E8978400F4E763 /* AppDelegate.swift in Sources */ = {isa = PBXBuildFile; fileRef = 827CF9FA29E8978400F4E763 /* AppDelegate.swift */; };
		827CFA0429E8978500F4E763 /* Assets.xcassets in Resources */ = {isa = PBXBuildFile; fileRef = 827CFA0329E8978500F4E763 /* Assets.xcassets */; };
		827CFA0729E8978500F4E763 /* LaunchScreen.storyboard in Resources */ = {isa = PBXBuildFile; fileRef = 827CFA0529E8978500F4E763 /* LaunchScreen.storyboard */; };
		827CFA1029E897B300F4E763 /* Alamofire in Frameworks */ = {isa = PBXBuildFile; productRef = 827CFA0F29E897B300F4E763 /* Alamofire */; };
		82AF958B29EFC7E20011B9BF /* DateViewController.swift in Sources */ = {isa = PBXBuildFile; fileRef = 82AF958A29EFC7E20011B9BF /* DateViewController.swift */; };
		82BE8E4429F5B6CB002DBD08 /* DateTableViewCell.swift in Sources */ = {isa = PBXBuildFile; fileRef = 82BE8E4329F5B6CB002DBD08 /* DateTableViewCell.swift */; };
		82BE8E4629F5B6F0002DBD08 /* DateHeaderCell.swift in Sources */ = {isa = PBXBuildFile; fileRef = 82BE8E4529F5B6F0002DBD08 /* DateHeaderCell.swift */; };
		82BE8E4829F5B71B002DBD08 /* RateTableViewCell.swift in Sources */ = {isa = PBXBuildFile; fileRef = 82BE8E4729F5B71B002DBD08 /* RateTableViewCell.swift */; };
		82BE8E4A29F5B749002DBD08 /* RateHeaderCell.swift in Sources */ = {isa = PBXBuildFile; fileRef = 82BE8E4929F5B749002DBD08 /* RateHeaderCell.swift */; };
		82BE8E4C29F5B9BF002DBD08 /* RateServiceProtocol.swift in Sources */ = {isa = PBXBuildFile; fileRef = 82BE8E4B29F5B9BF002DBD08 /* RateServiceProtocol.swift */; };
/* End PBXBuildFile section */

/* Begin PBXFileReference section */
		822953BF29EABCFD00903562 /* DateServiceProtocol.swift */ = {isa = PBXFileReference; lastKnownFileType = sourcecode.swift; path = DateServiceProtocol.swift; sourceTree = "<group>"; };
		82489E0129E9DEE80047D1D5 /* DateModuleBuilder.swift */ = {isa = PBXFileReference; lastKnownFileType = sourcecode.swift; path = DateModuleBuilder.swift; sourceTree = "<group>"; };
		82489E0229E9DEE80047D1D5 /* DatePresenter.swift */ = {isa = PBXFileReference; lastKnownFileType = sourcecode.swift; path = DatePresenter.swift; sourceTree = "<group>"; };
		82489E0329E9DEE80047D1D5 /* DateRouter.swift */ = {isa = PBXFileReference; lastKnownFileType = sourcecode.swift; path = DateRouter.swift; sourceTree = "<group>"; };
		82489E0529E9DEE80047D1D5 /* DateInteractor.swift */ = {isa = PBXFileReference; lastKnownFileType = sourcecode.swift; path = DateInteractor.swift; sourceTree = "<group>"; };
		82489E0D29E9DF500047D1D5 /* RateModuleBuilder.swift */ = {isa = PBXFileReference; lastKnownFileType = sourcecode.swift; path = RateModuleBuilder.swift; sourceTree = "<group>"; };
		82489E0E29E9DF500047D1D5 /* RatePresenter.swift */ = {isa = PBXFileReference; lastKnownFileType = sourcecode.swift; path = RatePresenter.swift; sourceTree = "<group>"; };
		82489E0F29E9DF500047D1D5 /* RateRouter.swift */ = {isa = PBXFileReference; lastKnownFileType = sourcecode.swift; path = RateRouter.swift; sourceTree = "<group>"; };
		82489E1029E9DF500047D1D5 /* RateViewController.swift */ = {isa = PBXFileReference; lastKnownFileType = sourcecode.swift; path = RateViewController.swift; sourceTree = "<group>"; };
		82489E1129E9DF500047D1D5 /* RateInteractor.swift */ = {isa = PBXFileReference; lastKnownFileType = sourcecode.swift; path = RateInteractor.swift; sourceTree = "<group>"; };
		82489E1829E9DFB80047D1D5 /* DateService.swift */ = {isa = PBXFileReference; lastKnownFileType = sourcecode.swift; path = DateService.swift; sourceTree = "<group>"; };
		82489E1A29E9E0720047D1D5 /* RateService.swift */ = {isa = PBXFileReference; lastKnownFileType = sourcecode.swift; path = RateService.swift; sourceTree = "<group>"; };
		827B4F6729F9B05900E36BF5 /* MoneyModel.swift */ = {isa = PBXFileReference; lastKnownFileType = sourcecode.swift; path = MoneyModel.swift; sourceTree = "<group>"; };
		827B4F6929F9B0FE00E36BF5 /* RateConfig.swift */ = {isa = PBXFileReference; lastKnownFileType = sourcecode.swift; path = RateConfig.swift; sourceTree = "<group>"; };
		827B4F6C29F9B43700E36BF5 /* NetworkingError.swift */ = {isa = PBXFileReference; lastKnownFileType = sourcecode.swift; path = NetworkingError.swift; sourceTree = "<group>"; };
		827CF9F729E8978400F4E763 /* Exchange Rates.app */ = {isa = PBXFileReference; explicitFileType = wrapper.application; includeInIndex = 0; path = "Exchange Rates.app"; sourceTree = BUILT_PRODUCTS_DIR; };
		827CF9FA29E8978400F4E763 /* AppDelegate.swift */ = {isa = PBXFileReference; lastKnownFileType = sourcecode.swift; path = AppDelegate.swift; sourceTree = "<group>"; };
		827CFA0329E8978500F4E763 /* Assets.xcassets */ = {isa = PBXFileReference; lastKnownFileType = folder.assetcatalog; path = Assets.xcassets; sourceTree = "<group>"; };
		827CFA0629E8978500F4E763 /* Base */ = {isa = PBXFileReference; lastKnownFileType = file.storyboard; name = Base; path = Base.lproj/LaunchScreen.storyboard; sourceTree = "<group>"; };
		827CFA0829E8978500F4E763 /* Info.plist */ = {isa = PBXFileReference; lastKnownFileType = text.plist.xml; path = Info.plist; sourceTree = "<group>"; };
		82AF958A29EFC7E20011B9BF /* DateViewController.swift */ = {isa = PBXFileReference; lastKnownFileType = sourcecode.swift; path = DateViewController.swift; sourceTree = "<group>"; };
		82BE8E4329F5B6CB002DBD08 /* DateTableViewCell.swift */ = {isa = PBXFileReference; lastKnownFileType = sourcecode.swift; path = DateTableViewCell.swift; sourceTree = "<group>"; };
		82BE8E4529F5B6F0002DBD08 /* DateHeaderCell.swift */ = {isa = PBXFileReference; lastKnownFileType = sourcecode.swift; path = DateHeaderCell.swift; sourceTree = "<group>"; };
		82BE8E4729F5B71B002DBD08 /* RateTableViewCell.swift */ = {isa = PBXFileReference; lastKnownFileType = sourcecode.swift; path = RateTableViewCell.swift; sourceTree = "<group>"; };
		82BE8E4929F5B749002DBD08 /* RateHeaderCell.swift */ = {isa = PBXFileReference; lastKnownFileType = sourcecode.swift; path = RateHeaderCell.swift; sourceTree = "<group>"; };
		82BE8E4B29F5B9BF002DBD08 /* RateServiceProtocol.swift */ = {isa = PBXFileReference; lastKnownFileType = sourcecode.swift; path = RateServiceProtocol.swift; sourceTree = "<group>"; };
/* End PBXFileReference section */

/* Begin PBXFrameworksBuildPhase section */
		827CF9F429E8978400F4E763 /* Frameworks */ = {
			isa = PBXFrameworksBuildPhase;
			buildActionMask = 2147483647;
			files = (
				827CFA1029E897B300F4E763 /* Alamofire in Frameworks */,
			);
			runOnlyForDeploymentPostprocessing = 0;
		};
/* End PBXFrameworksBuildPhase section */

/* Begin PBXGroup section */
		822D36562A018D9E002212AD /* Entity */ = {
			isa = PBXGroup;
			children = (
				827B4F6629F9AFFE00E36BF5 /* Services */,
				827B4F6B29F9B42400E36BF5 /* Errors */,
				827B4F6529F9AFF200E36BF5 /* Models */,
				82489E1729E9DF6C0047D1D5 /* API */,
			);
			path = Entity;
			sourceTree = "<group>";
		};
		82489DFF29E9DE530047D1D5 /* Resources */ = {
			isa = PBXGroup;
			children = (
				827CFA0829E8978500F4E763 /* Info.plist */,
				827CFA0529E8978500F4E763 /* LaunchScreen.storyboard */,
				827CFA0329E8978500F4E763 /* Assets.xcassets */,
			);
			path = Resources;
			sourceTree = "<group>";
		};
		82489E0029E9DE930047D1D5 /* Application */ = {
			isa = PBXGroup;
			children = (
				827CF9FA29E8978400F4E763 /* AppDelegate.swift */,
			);
			path = Application;
			sourceTree = "<group>";
		};
		82489E0B29E9DEEF0047D1D5 /* DateViewController */ = {
			isa = PBXGroup;
			children = (
				82BE8E4129F5B3EA002DBD08 /* Cells */,
				82AF958A29EFC7E20011B9BF /* DateViewController.swift */,
				82489E0529E9DEE80047D1D5 /* DateInteractor.swift */,
				82489E0229E9DEE80047D1D5 /* DatePresenter.swift */,
				82489E0329E9DEE80047D1D5 /* DateRouter.swift */,
				82489E0129E9DEE80047D1D5 /* DateModuleBuilder.swift */,
			);
			path = DateViewController;
			sourceTree = "<group>";
		};
		82489E0C29E9DF2D0047D1D5 /* RateViewController */ = {
			isa = PBXGroup;
			children = (
				82BE8E4229F5B6A0002DBD08 /* Cells */,
				82489E1029E9DF500047D1D5 /* RateViewController.swift */,
				82489E1129E9DF500047D1D5 /* RateInteractor.swift */,
				82489E0E29E9DF500047D1D5 /* RatePresenter.swift */,
				82489E0F29E9DF500047D1D5 /* RateRouter.swift */,
				82489E0D29E9DF500047D1D5 /* RateModuleBuilder.swift */,
			);
			path = RateViewController;
			sourceTree = "<group>";
		};
		82489E1729E9DF6C0047D1D5 /* API */ = {
			isa = PBXGroup;
			children = (
				822953BF29EABCFD00903562 /* DateServiceProtocol.swift */,
				82489E1829E9DFB80047D1D5 /* DateService.swift */,
				82BE8E4B29F5B9BF002DBD08 /* RateServiceProtocol.swift */,
				82489E1A29E9E0720047D1D5 /* RateService.swift */,
			);
			path = API;
			sourceTree = "<group>";
		};
		827B4F6529F9AFF200E36BF5 /* Models */ = {
			isa = PBXGroup;
			children = (
				827B4F6729F9B05900E36BF5 /* MoneyModel.swift */,
			);
			path = Models;
			sourceTree = "<group>";
		};
		827B4F6629F9AFFE00E36BF5 /* Services */ = {
			isa = PBXGroup;
			children = (
				827B4F6929F9B0FE00E36BF5 /* RateConfig.swift */,
			);
			path = Services;
			sourceTree = "<group>";
		};
		827B4F6B29F9B42400E36BF5 /* Errors */ = {
			isa = PBXGroup;
			children = (
				827B4F6C29F9B43700E36BF5 /* NetworkingError.swift */,
			);
			path = Errors;
			sourceTree = "<group>";
		};
		827CF9EE29E8978400F4E763 = {
			isa = PBXGroup;
			children = (
				827CF9F929E8978400F4E763 /* Exchange Rates */,
				827CF9F829E8978400F4E763 /* Products */,
			);
			sourceTree = "<group>";
		};
		827CF9F829E8978400F4E763 /* Products */ = {
			isa = PBXGroup;
			children = (
				827CF9F729E8978400F4E763 /* Exchange Rates.app */,
			);
			name = Products;
			sourceTree = "<group>";
		};
		827CF9F929E8978400F4E763 /* Exchange Rates */ = {
			isa = PBXGroup;
			children = (
				82489E0029E9DE930047D1D5 /* Application */,
				822D36562A018D9E002212AD /* Entity */,
				82489E0B29E9DEEF0047D1D5 /* DateViewController */,
				82489E0C29E9DF2D0047D1D5 /* RateViewController */,
				82489DFF29E9DE530047D1D5 /* Resources */,
			);
			path = "Exchange Rates";
			sourceTree = "<group>";
		};
		82BE8E4129F5B3EA002DBD08 /* Cells */ = {
			isa = PBXGroup;
			children = (
				82BE8E4329F5B6CB002DBD08 /* DateTableViewCell.swift */,
				82BE8E4529F5B6F0002DBD08 /* DateHeaderCell.swift */,
			);
			path = Cells;
			sourceTree = "<group>";
		};
		82BE8E4229F5B6A0002DBD08 /* Cells */ = {
			isa = PBXGroup;
			children = (
				82BE8E4729F5B71B002DBD08 /* RateTableViewCell.swift */,
				82BE8E4929F5B749002DBD08 /* RateHeaderCell.swift */,
			);
			path = Cells;
			sourceTree = "<group>";
		};
/* End PBXGroup section */

/* Begin PBXNativeTarget section */
		827CF9F629E8978400F4E763 /* Exchange Rates */ = {
			isa = PBXNativeTarget;
			buildConfigurationList = 827CFA0B29E8978500F4E763 /* Build configuration list for PBXNativeTarget "Exchange Rates" */;
			buildPhases = (
				827CF9F329E8978400F4E763 /* Sources */,
				827CF9F429E8978400F4E763 /* Frameworks */,
				827CF9F529E8978400F4E763 /* Resources */,
			);
			buildRules = (
			);
			dependencies = (
			);
			name = "Exchange Rates";
			packageProductDependencies = (
				827CFA0F29E897B300F4E763 /* Alamofire */,
			);
			productName = "Exchange Rates";
			productReference = 827CF9F729E8978400F4E763 /* Exchange Rates.app */;
			productType = "com.apple.product-type.application";
		};
/* End PBXNativeTarget section */

/* Begin PBXProject section */
		827CF9EF29E8978400F4E763 /* Project object */ = {
			isa = PBXProject;
			attributes = {
				BuildIndependentTargetsInParallel = 1;
				LastSwiftUpdateCheck = 1340;
				LastUpgradeCheck = 1340;
				TargetAttributes = {
					827CF9F629E8978400F4E763 = {
						CreatedOnToolsVersion = 13.4.1;
					};
				};
			};
			buildConfigurationList = 827CF9F229E8978400F4E763 /* Build configuration list for PBXProject "Exchange Rates" */;
			compatibilityVersion = "Xcode 13.0";
			developmentRegion = en;
			hasScannedForEncodings = 0;
			knownRegions = (
				en,
				Base,
			);
			mainGroup = 827CF9EE29E8978400F4E763;
			packageReferences = (
				827CFA0E29E897B300F4E763 /* XCRemoteSwiftPackageReference "Alamofire" */,
			);
			productRefGroup = 827CF9F829E8978400F4E763 /* Products */;
			projectDirPath = "";
			projectRoot = "";
			targets = (
				827CF9F629E8978400F4E763 /* Exchange Rates */,
			);
		};
/* End PBXProject section */

/* Begin PBXResourcesBuildPhase section */
		827CF9F529E8978400F4E763 /* Resources */ = {
			isa = PBXResourcesBuildPhase;
			buildActionMask = 2147483647;
			files = (
				827CFA0729E8978500F4E763 /* LaunchScreen.storyboard in Resources */,
				827CFA0429E8978500F4E763 /* Assets.xcassets in Resources */,
			);
			runOnlyForDeploymentPostprocessing = 0;
		};
/* End PBXResourcesBuildPhase section */

/* Begin PBXSourcesBuildPhase section */
		827CF9F329E8978400F4E763 /* Sources */ = {
			isa = PBXSourcesBuildPhase;
			buildActionMask = 2147483647;
			files = (
				827B4F6829F9B05900E36BF5 /* MoneyModel.swift in Sources */,
				82BE8E4429F5B6CB002DBD08 /* DateTableViewCell.swift in Sources */,
				827B4F6D29F9B43700E36BF5 /* NetworkingError.swift in Sources */,
				82489E1B29E9E0720047D1D5 /* RateService.swift in Sources */,
				82489E1329E9DF500047D1D5 /* RatePresenter.swift in Sources */,
				82BE8E4829F5B71B002DBD08 /* RateTableViewCell.swift in Sources */,
				82BE8E4A29F5B749002DBD08 /* RateHeaderCell.swift in Sources */,
				82489E0A29E9DEE80047D1D5 /* DateInteractor.swift in Sources */,
				82489E0829E9DEE80047D1D5 /* DateRouter.swift in Sources */,
				82489E1929E9DFB80047D1D5 /* DateService.swift in Sources */,
				82BE8E4C29F5B9BF002DBD08 /* RateServiceProtocol.swift in Sources */,
				82BE8E4629F5B6F0002DBD08 /* DateHeaderCell.swift in Sources */,
				82489E0629E9DEE80047D1D5 /* DateModuleBuilder.swift in Sources */,
				82489E1529E9DF500047D1D5 /* RateViewController.swift in Sources */,
				82489E1629E9DF500047D1D5 /* RateInteractor.swift in Sources */,
				82489E1429E9DF500047D1D5 /* RateRouter.swift in Sources */,
				82489E0729E9DEE80047D1D5 /* DatePresenter.swift in Sources */,
				827CF9FB29E8978400F4E763 /* AppDelegate.swift in Sources */,
				822953C029EABCFD00903562 /* DateServiceProtocol.swift in Sources */,
				82489E1229E9DF500047D1D5 /* RateModuleBuilder.swift in Sources */,
				82AF958B29EFC7E20011B9BF /* DateViewController.swift in Sources */,
				827B4F6A29F9B0FE00E36BF5 /* RateConfig.swift in Sources */,
			);
			runOnlyForDeploymentPostprocessing = 0;
		};
/* End PBXSourcesBuildPhase section */

/* Begin PBXVariantGroup section */
		827CFA0529E8978500F4E763 /* LaunchScreen.storyboard */ = {
			isa = PBXVariantGroup;
			children = (
				827CFA0629E8978500F4E763 /* Base */,
			);
			name = LaunchScreen.storyboard;
			sourceTree = "<group>";
		};
/* End PBXVariantGroup section */

/* Begin XCBuildConfiguration section */
		827CFA0929E8978500F4E763 /* Debug */ = {
			isa = XCBuildConfiguration;
			buildSettings = {
				ALWAYS_SEARCH_USER_PATHS = NO;
				CLANG_ANALYZER_NONNULL = YES;
				CLANG_ANALYZER_NUMBER_OBJECT_CONVERSION = YES_AGGRESSIVE;
				CLANG_CXX_LANGUAGE_STANDARD = "gnu++17";
				CLANG_ENABLE_MODULES = YES;
				CLANG_ENABLE_OBJC_ARC = YES;
				CLANG_ENABLE_OBJC_WEAK = YES;
				CLANG_WARN_BLOCK_CAPTURE_AUTORELEASING = YES;
				CLANG_WARN_BOOL_CONVERSION = YES;
				CLANG_WARN_COMMA = YES;
				CLANG_WARN_CONSTANT_CONVERSION = YES;
				CLANG_WARN_DEPRECATED_OBJC_IMPLEMENTATIONS = YES;
				CLANG_WARN_DIRECT_OBJC_ISA_USAGE = YES_ERROR;
				CLANG_WARN_DOCUMENTATION_COMMENTS = YES;
				CLANG_WARN_EMPTY_BODY = YES;
				CLANG_WARN_ENUM_CONVERSION = YES;
				CLANG_WARN_INFINITE_RECURSION = YES;
				CLANG_WARN_INT_CONVERSION = YES;
				CLANG_WARN_NON_LITERAL_NULL_CONVERSION = YES;
				CLANG_WARN_OBJC_IMPLICIT_RETAIN_SELF = YES;
				CLANG_WARN_OBJC_LITERAL_CONVERSION = YES;
				CLANG_WARN_OBJC_ROOT_CLASS = YES_ERROR;
				CLANG_WARN_QUOTED_INCLUDE_IN_FRAMEWORK_HEADER = YES;
				CLANG_WARN_RANGE_LOOP_ANALYSIS = YES;
				CLANG_WARN_STRICT_PROTOTYPES = YES;
				CLANG_WARN_SUSPICIOUS_MOVE = YES;
				CLANG_WARN_UNGUARDED_AVAILABILITY = YES_AGGRESSIVE;
				CLANG_WARN_UNREACHABLE_CODE = YES;
				CLANG_WARN__DUPLICATE_METHOD_MATCH = YES;
				COPY_PHASE_STRIP = NO;
				DEBUG_INFORMATION_FORMAT = dwarf;
				ENABLE_STRICT_OBJC_MSGSEND = YES;
				ENABLE_TESTABILITY = YES;
				GCC_C_LANGUAGE_STANDARD = gnu11;
				GCC_DYNAMIC_NO_PIC = NO;
				GCC_NO_COMMON_BLOCKS = YES;
				GCC_OPTIMIZATION_LEVEL = 0;
				GCC_PREPROCESSOR_DEFINITIONS = (
					"DEBUG=1",
					"$(inherited)",
				);
				GCC_WARN_64_TO_32_BIT_CONVERSION = YES;
				GCC_WARN_ABOUT_RETURN_TYPE = YES_ERROR;
				GCC_WARN_UNDECLARED_SELECTOR = YES;
				GCC_WARN_UNINITIALIZED_AUTOS = YES_AGGRESSIVE;
				GCC_WARN_UNUSED_FUNCTION = YES;
				GCC_WARN_UNUSED_VARIABLE = YES;
				IPHONEOS_DEPLOYMENT_TARGET = 15.5;
				MTL_ENABLE_DEBUG_INFO = INCLUDE_SOURCE;
				MTL_FAST_MATH = YES;
				ONLY_ACTIVE_ARCH = YES;
				SDKROOT = iphoneos;
				SWIFT_ACTIVE_COMPILATION_CONDITIONS = DEBUG;
				SWIFT_OPTIMIZATION_LEVEL = "-Onone";
			};
			name = Debug;
		};
		827CFA0A29E8978500F4E763 /* Release */ = {
			isa = XCBuildConfiguration;
			buildSettings = {
				ALWAYS_SEARCH_USER_PATHS = NO;
				CLANG_ANALYZER_NONNULL = YES;
				CLANG_ANALYZER_NUMBER_OBJECT_CONVERSION = YES_AGGRESSIVE;
				CLANG_CXX_LANGUAGE_STANDARD = "gnu++17";
				CLANG_ENABLE_MODULES = YES;
				CLANG_ENABLE_OBJC_ARC = YES;
				CLANG_ENABLE_OBJC_WEAK = YES;
				CLANG_WARN_BLOCK_CAPTURE_AUTORELEASING = YES;
				CLANG_WARN_BOOL_CONVERSION = YES;
				CLANG_WARN_COMMA = YES;
				CLANG_WARN_CONSTANT_CONVERSION = YES;
				CLANG_WARN_DEPRECATED_OBJC_IMPLEMENTATIONS = YES;
				CLANG_WARN_DIRECT_OBJC_ISA_USAGE = YES_ERROR;
				CLANG_WARN_DOCUMENTATION_COMMENTS = YES;
				CLANG_WARN_EMPTY_BODY = YES;
				CLANG_WARN_ENUM_CONVERSION = YES;
				CLANG_WARN_INFINITE_RECURSION = YES;
				CLANG_WARN_INT_CONVERSION = YES;
				CLANG_WARN_NON_LITERAL_NULL_CONVERSION = YES;
				CLANG_WARN_OBJC_IMPLICIT_RETAIN_SELF = YES;
				CLANG_WARN_OBJC_LITERAL_CONVERSION = YES;
				CLANG_WARN_OBJC_ROOT_CLASS = YES_ERROR;
				CLANG_WARN_QUOTED_INCLUDE_IN_FRAMEWORK_HEADER = YES;
				CLANG_WARN_RANGE_LOOP_ANALYSIS = YES;
				CLANG_WARN_STRICT_PROTOTYPES = YES;
				CLANG_WARN_SUSPICIOUS_MOVE = YES;
				CLANG_WARN_UNGUARDED_AVAILABILITY = YES_AGGRESSIVE;
				CLANG_WARN_UNREACHABLE_CODE = YES;
				CLANG_WARN__DUPLICATE_METHOD_MATCH = YES;
				COPY_PHASE_STRIP = NO;
				DEBUG_INFORMATION_FORMAT = "dwarf-with-dsym";
				ENABLE_NS_ASSERTIONS = NO;
				ENABLE_STRICT_OBJC_MSGSEND = YES;
				GCC_C_LANGUAGE_STANDARD = gnu11;
				GCC_NO_COMMON_BLOCKS = YES;
				GCC_WARN_64_TO_32_BIT_CONVERSION = YES;
				GCC_WARN_ABOUT_RETURN_TYPE = YES_ERROR;
				GCC_WARN_UNDECLARED_SELECTOR = YES;
				GCC_WARN_UNINITIALIZED_AUTOS = YES_AGGRESSIVE;
				GCC_WARN_UNUSED_FUNCTION = YES;
				GCC_WARN_UNUSED_VARIABLE = YES;
				IPHONEOS_DEPLOYMENT_TARGET = 15.5;
				MTL_ENABLE_DEBUG_INFO = NO;
				MTL_FAST_MATH = YES;
				SDKROOT = iphoneos;
				SWIFT_COMPILATION_MODE = wholemodule;
				SWIFT_OPTIMIZATION_LEVEL = "-O";
				VALIDATE_PRODUCT = YES;
			};
			name = Release;
		};
		827CFA0C29E8978500F4E763 /* Debug */ = {
			isa = XCBuildConfiguration;
			buildSettings = {
				ASSETCATALOG_COMPILER_APPICON_NAME = AppIcon;
				ASSETCATALOG_COMPILER_GLOBAL_ACCENT_COLOR_NAME = AccentColor;
				CODE_SIGN_STYLE = Automatic;
				CURRENT_PROJECT_VERSION = 1;
				DEVELOPMENT_TEAM = 3V35N9JX9X;
				GENERATE_INFOPLIST_FILE = YES;
				INFOPLIST_FILE = "Exchange Rates/Resources/Info.plist";
				INFOPLIST_KEY_UIApplicationSupportsIndirectInputEvents = YES;
				INFOPLIST_KEY_UILaunchStoryboardName = LaunchScreen;
				INFOPLIST_KEY_UISupportedInterfaceOrientations = UIInterfaceOrientationPortrait;
				INFOPLIST_KEY_UISupportedInterfaceOrientations_iPad = "UIInterfaceOrientationPortrait UIInterfaceOrientationPortraitUpsideDown UIInterfaceOrientationLandscapeLeft UIInterfaceOrientationLandscapeRight";
				INFOPLIST_KEY_UISupportedInterfaceOrientations_iPhone = "UIInterfaceOrientationPortrait UIInterfaceOrientationLandscapeLeft UIInterfaceOrientationLandscapeRight";
				IPHONEOS_DEPLOYMENT_TARGET = 11.0;
				LD_RUNPATH_SEARCH_PATHS = (
					"$(inherited)",
					"@executable_path/Frameworks",
				);
				MARKETING_VERSION = 1.0;
				PRODUCT_BUNDLE_IDENTIFIER = "NuarCompany.Exchange-Rates";
				PRODUCT_NAME = "$(TARGET_NAME)";
				SWIFT_EMIT_LOC_STRINGS = YES;
				SWIFT_VERSION = 5.0;
				TARGETED_DEVICE_FAMILY = 1;
			};
			name = Debug;
		};
		827CFA0D29E8978500F4E763 /* Release */ = {
			isa = XCBuildConfiguration;
			buildSettings = {
				ASSETCATALOG_COMPILER_APPICON_NAME = AppIcon;
				ASSETCATALOG_COMPILER_GLOBAL_ACCENT_COLOR_NAME = AccentColor;
				CODE_SIGN_STYLE = Automatic;
				CURRENT_PROJECT_VERSION = 1;
				DEVELOPMENT_TEAM = 3V35N9JX9X;
				GENERATE_INFOPLIST_FILE = YES;
				INFOPLIST_FILE = "Exchange Rates/Resources/Info.plist";
				INFOPLIST_KEY_UIApplicationSupportsIndirectInputEvents = YES;
				INFOPLIST_KEY_UILaunchStoryboardName = LaunchScreen;
				INFOPLIST_KEY_UISupportedInterfaceOrientations = UIInterfaceOrientationPortrait;
				INFOPLIST_KEY_UISupportedInterfaceOrientations_iPad = "UIInterfaceOrientationPortrait UIInterfaceOrientationPortraitUpsideDown UIInterfaceOrientationLandscapeLeft UIInterfaceOrientationLandscapeRight";
				INFOPLIST_KEY_UISupportedInterfaceOrientations_iPhone = "UIInterfaceOrientationPortrait UIInterfaceOrientationLandscapeLeft UIInterfaceOrientationLandscapeRight";
				IPHONEOS_DEPLOYMENT_TARGET = 11.0;
				LD_RUNPATH_SEARCH_PATHS = (
					"$(inherited)",
					"@executable_path/Frameworks",
				);
				MARKETING_VERSION = 1.0;
				PRODUCT_BUNDLE_IDENTIFIER = "NuarCompany.Exchange-Rates";
				PRODUCT_NAME = "$(TARGET_NAME)";
				SWIFT_EMIT_LOC_STRINGS = YES;
				SWIFT_VERSION = 5.0;
				TARGETED_DEVICE_FAMILY = 1;
			};
			name = Release;
		};
/* End XCBuildConfiguration section */

/* Begin XCConfigurationList section */
		827CF9F229E8978400F4E763 /* Build configuration list for PBXProject "Exchange Rates" */ = {
			isa = XCConfigurationList;
			buildConfigurations = (
				827CFA0929E8978500F4E763 /* Debug */,
				827CFA0A29E8978500F4E763 /* Release */,
			);
			defaultConfigurationIsVisible = 0;
			defaultConfigurationName = Release;
		};
		827CFA0B29E8978500F4E763 /* Build configuration list for PBXNativeTarget "Exchange Rates" */ = {
			isa = XCConfigurationList;
			buildConfigurations = (
				827CFA0C29E8978500F4E763 /* Debug */,
				827CFA0D29E8978500F4E763 /* Release */,
			);
			defaultConfigurationIsVisible = 0;
			defaultConfigurationName = Release;
		};
/* End XCConfigurationList section */

/* Begin XCRemoteSwiftPackageReference section */
		827CFA0E29E897B300F4E763 /* XCRemoteSwiftPackageReference "Alamofire" */ = {
			isa = XCRemoteSwiftPackageReference;
			repositoryURL = "https://github.com/Alamofire/Alamofire.git";
			requirement = {
				branch = master;
				kind = branch;
			};
		};
/* End XCRemoteSwiftPackageReference section */

/* Begin XCSwiftPackageProductDependency section */
		827CFA0F29E897B300F4E763 /* Alamofire */ = {
			isa = XCSwiftPackageProductDependency;
			package = 827CFA0E29E897B300F4E763 /* XCRemoteSwiftPackageReference "Alamofire" */;
			productName = Alamofire;
		};
/* End XCSwiftPackageProductDependency section */
	};
	rootObject = 827CF9EF29E8978400F4E763 /* Project object */;
}
